
Microsoft Visual Studio Solution File, Format Version 12.00
# Visual Studio Version 17
VisualStudioVersion = 17.0.32112.339
MinimumVisualStudioVersion = 10.0.40219.1
Project("{FAE04EC0-301F-11D3-BF4B-00C04F79EFBC}") = "DoggyDetails", "DoggyDetails\DoggyDetails.csproj", "{DFA99E69-43E0-4790-81E7-E7C35BC21C6D}"
EndProject
Global
	GlobalSection(SolutionConfigurationPlatforms) = preSolution
		Debug|Any CPU = Debug|Any CPU
		Release|Any CPU = Release|Any CPU
	EndGlobalSection
	GlobalSection(ProjectConfigurationPlatforms) = postSolution
		{DFA99E69-43E0-4790-81E7-E7C35BC21C6D}.Debug|Any CPU.ActiveCfg = Debug|Any CPU
		{DFA99E69-43E0-4790-81E7-E7C35BC21C6D}.Debug|Any CPU.Build.0 = Debug|Any CPU
		{DFA99E69-43E0-4790-81E7-E7C35BC21C6D}.Release|Any CPU.ActiveCfg = Release|Any CPU
		{DFA99E69-43E0-4790-81E7-E7C35BC21C6D}.Release|Any CPU.Build.0 = Release|Any CPU
	EndGlobalSection
	GlobalSection(SolutionProperties) = preSolution
		HideSolutionNode = FALSE
	EndGlobalSection
	GlobalSection(ExtensibilityGlobals) = postSolution
		SolutionGuid = {8D88DCF1-8959-4087-896A-ECBACA8F69BE}
	EndGlobalSection
EndGlobal
